// !$*UTF8*$!
{
	archiveVersion = 1;
	classes = {
	};
	objectVersion = 46;
	objects = {

/* Begin PBXBuildFile section */
		847F426D1F203DD100823825 /* main.m in Sources */ = {isa = PBXBuildFile; fileRef = 847F426C1F203DD100823825 /* main.m */; };
		847F42701F203DD100823825 /* AppDelegate.m in Sources */ = {isa = PBXBuildFile; fileRef = 847F426F1F203DD100823825 /* AppDelegate.m */; };
		847F42761F203DD100823825 /* Main.storyboard in Resources */ = {isa = PBXBuildFile; fileRef = 847F42741F203DD100823825 /* Main.storyboard */; };
		847F42781F203DD100823825 /* Assets.xcassets in Resources */ = {isa = PBXBuildFile; fileRef = 847F42771F203DD100823825 /* Assets.xcassets */; };
		847F427B1F203DD100823825 /* LaunchScreen.storyboard in Resources */ = {isa = PBXBuildFile; fileRef = 847F42791F203DD100823825 /* LaunchScreen.storyboard */; };
		847F42861F203DD100823825 /* ____Tests.m in Sources */ = {isa = PBXBuildFile; fileRef = 847F42851F203DD100823825 /* ____Tests.m */; };
		847F42911F203DD100823825 /* ____UITests.m in Sources */ = {isa = PBXBuildFile; fileRef = 847F42901F203DD100823825 /* ____UITests.m */; };
		847F429F1F203E5400823825 /* form.plist in Resources */ = {isa = PBXBuildFile; fileRef = 847F429E1F203E5400823825 /* form.plist */; };
		847F42BD1F2046AE00823825 /* LICENSE in Resources */ = {isa = PBXBuildFile; fileRef = 847F42A51F2046AE00823825 /* LICENSE */; };
		847F42BE1F2046AE00823825 /* MJExtensionConst.m in Sources */ = {isa = PBXBuildFile; fileRef = 847F42A91F2046AE00823825 /* MJExtensionConst.m */; };
		847F42BF1F2046AE00823825 /* MJFoundation.m in Sources */ = {isa = PBXBuildFile; fileRef = 847F42AB1F2046AE00823825 /* MJFoundation.m */; };
		847F42C01F2046AE00823825 /* MJProperty.m in Sources */ = {isa = PBXBuildFile; fileRef = 847F42AD1F2046AE00823825 /* MJProperty.m */; };
		847F42C11F2046AE00823825 /* MJPropertyKey.m in Sources */ = {isa = PBXBuildFile; fileRef = 847F42AF1F2046AE00823825 /* MJPropertyKey.m */; };
		847F42C21F2046AE00823825 /* MJPropertyType.m in Sources */ = {isa = PBXBuildFile; fileRef = 847F42B11F2046AE00823825 /* MJPropertyType.m */; };
		847F42C31F2046AE00823825 /* NSObject+MJClass.m in Sources */ = {isa = PBXBuildFile; fileRef = 847F42B31F2046AE00823825 /* NSObject+MJClass.m */; };
		847F42C41F2046AE00823825 /* NSObject+MJCoding.m in Sources */ = {isa = PBXBuildFile; fileRef = 847F42B51F2046AE00823825 /* NSObject+MJCoding.m */; };
		847F42C51F2046AE00823825 /* NSObject+MJKeyValue.m in Sources */ = {isa = PBXBuildFile; fileRef = 847F42B71F2046AE00823825 /* NSObject+MJKeyValue.m */; };
		847F42C61F2046AE00823825 /* NSObject+MJProperty.m in Sources */ = {isa = PBXBuildFile; fileRef = 847F42B91F2046AE00823825 /* NSObject+MJProperty.m */; };
		847F42C71F2046AE00823825 /* NSString+MJExtension.m in Sources */ = {isa = PBXBuildFile; fileRef = 847F42BB1F2046AE00823825 /* NSString+MJExtension.m */; };
		847F42C81F2046AE00823825 /* README.md in Sources */ = {isa = PBXBuildFile; fileRef = 847F42BC1F2046AE00823825 /* README.md */; };
		847F42E11F204A3B00823825 /* LICENSE.txt in Resources */ = {isa = PBXBuildFile; fileRef = 847F42D61F204A3B00823825 /* LICENSE.txt */; };
		847F42E21F204A3B00823825 /* README.md in Sources */ = {isa = PBXBuildFile; fileRef = 847F42D71F204A3B00823825 /* README.md */; };
		847F42E31F204A3B00823825 /* TPKeyboardAvoidingCollectionView.m in Sources */ = {isa = PBXBuildFile; fileRef = 847F42DA1F204A3B00823825 /* TPKeyboardAvoidingCollectionView.m */; };
		847F42E41F204A3B00823825 /* TPKeyboardAvoidingScrollView.m in Sources */ = {isa = PBXBuildFile; fileRef = 847F42DC1F204A3B00823825 /* TPKeyboardAvoidingScrollView.m */; };
		847F42E51F204A3B00823825 /* TPKeyboardAvoidingTableView.m in Sources */ = {isa = PBXBuildFile; fileRef = 847F42DE1F204A3B00823825 /* TPKeyboardAvoidingTableView.m */; };
		847F42E61F204A3B00823825 /* UIScrollView+TPKeyboardAvoidingAdditions.m in Sources */ = {isa = PBXBuildFile; fileRef = 847F42E01F204A3B00823825 /* UIScrollView+TPKeyboardAvoidingAdditions.m */; };
		847F43071F205E0900823825 /* LICENSE in Resources */ = {isa = PBXBuildFile; fileRef = 847F42EB1F205E0900823825 /* LICENSE */; };
		847F43081F205E0900823825 /* MASCompositeConstraint.m in Sources */ = {isa = PBXBuildFile; fileRef = 847F42EE1F205E0900823825 /* MASCompositeConstraint.m */; };
		847F43091F205E0900823825 /* MASConstraint.m in Sources */ = {isa = PBXBuildFile; fileRef = 847F42F11F205E0900823825 /* MASConstraint.m */; };
		847F430A1F205E0900823825 /* MASConstraintMaker.m in Sources */ = {isa = PBXBuildFile; fileRef = 847F42F31F205E0900823825 /* MASConstraintMaker.m */; };
		847F430B1F205E0900823825 /* MASLayoutConstraint.m in Sources */ = {isa = PBXBuildFile; fileRef = 847F42F51F205E0900823825 /* MASLayoutConstraint.m */; };
		847F430C1F205E0900823825 /* MASViewAttribute.m in Sources */ = {isa = PBXBuildFile; fileRef = 847F42F91F205E0900823825 /* MASViewAttribute.m */; };
		847F430D1F205E0900823825 /* MASViewConstraint.m in Sources */ = {isa = PBXBuildFile; fileRef = 847F42FB1F205E0900823825 /* MASViewConstraint.m */; };
		847F430E1F205E0900823825 /* NSArray+MASAdditions.m in Sources */ = {isa = PBXBuildFile; fileRef = 847F42FD1F205E0900823825 /* NSArray+MASAdditions.m */; };
		847F430F1F205E0900823825 /* NSLayoutConstraint+MASDebugAdditions.m in Sources */ = {isa = PBXBuildFile; fileRef = 847F43001F205E0900823825 /* NSLayoutConstraint+MASDebugAdditions.m */; };
		847F43101F205E0900823825 /* View+MASAdditions.m in Sources */ = {isa = PBXBuildFile; fileRef = 847F43021F205E0900823825 /* View+MASAdditions.m */; };
		847F43111F205E0900823825 /* ViewController+MASAdditions.m in Sources */ = {isa = PBXBuildFile; fileRef = 847F43051F205E0900823825 /* ViewController+MASAdditions.m */; };
		847F43121F205E0900823825 /* README.md in Sources */ = {isa = PBXBuildFile; fileRef = 847F43061F205E0900823825 /* README.md */; };
		847F432B1F20835D00823825 /* ListCheckCell.m in Sources */ = {isa = PBXBuildFile; fileRef = 847F43221F20835D00823825 /* ListCheckCell.m */; };
		847F432C1F20835D00823825 /* ListCheckCell.xib in Resources */ = {isa = PBXBuildFile; fileRef = 847F43231F20835D00823825 /* ListCheckCell.xib */; };
		847F432D1F20835D00823825 /* ListPickCell.m in Sources */ = {isa = PBXBuildFile; fileRef = 847F43251F20835D00823825 /* ListPickCell.m */; };
		847F432E1F20835D00823825 /* ListTFCell.m in Sources */ = {isa = PBXBuildFile; fileRef = 847F43271F20835D00823825 /* ListTFCell.m */; };
		847F432F1F20835D00823825 /* ListTFCell.xib in Resources */ = {isa = PBXBuildFile; fileRef = 847F43281F20835D00823825 /* ListTFCell.xib */; };
		847F43301F20835D00823825 /* ListTVCell.m in Sources */ = {isa = PBXBuildFile; fileRef = 847F432A1F20835D00823825 /* ListTVCell.m */; };
		847F43361F2084D900823825 /* FormModel.m in Sources */ = {isa = PBXBuildFile; fileRef = 847F43331F2084D900823825 /* FormModel.m */; };
		847F43371F2084D900823825 /* ListModel.m in Sources */ = {isa = PBXBuildFile; fileRef = 847F43351F2084D900823825 /* ListModel.m */; };
		847F433D1F20874A00823825 /* RGAppointSectionView.m in Sources */ = {isa = PBXBuildFile; fileRef = 847F433A1F20874A00823825 /* RGAppointSectionView.m */; };
		847F433E1F20874A00823825 /* UIView+Extension.m in Sources */ = {isa = PBXBuildFile; fileRef = 847F433C1F20874A00823825 /* UIView+Extension.m */; };
		847F43421F20879900823825 /* ViewController.m in Sources */ = {isa = PBXBuildFile; fileRef = 847F43411F20879900823825 /* ViewController.m */; };
		847F43451F208ED300823825 /* ListTwoPickCell.m in Sources */ = {isa = PBXBuildFile; fileRef = 847F43441F208ED300823825 /* ListTwoPickCell.m */; };
		847F435E1F208FF900823825 /* LICENSE in Resources */ = {isa = PBXBuildFile; fileRef = 847F43471F208FF900823825 /* LICENSE */; };
		847F435F1F208FF900823825 /* AbstractActionSheetPicker.m in Sources */ = {isa = PBXBuildFile; fileRef = 847F434A1F208FF900823825 /* AbstractActionSheetPicker.m */; };
		847F43601F208FF900823825 /* ActionSheetCustomPicker.m in Sources */ = {isa = PBXBuildFile; fileRef = 847F434C1F208FF900823825 /* ActionSheetCustomPicker.m */; };
		847F43611F208FF900823825 /* ActionSheetDatePicker.m in Sources */ = {isa = PBXBuildFile; fileRef = 847F434F1F208FF900823825 /* ActionSheetDatePicker.m */; };
		847F43621F208FF900823825 /* ActionSheetDistancePicker.m in Sources */ = {isa = PBXBuildFile; fileRef = 847F43511F208FF900823825 /* ActionSheetDistancePicker.m */; };
		847F43631F208FF900823825 /* ActionSheetLocalePicker.m in Sources */ = {isa = PBXBuildFile; fileRef = 847F43531F208FF900823825 /* ActionSheetLocalePicker.m */; };
		847F43641F208FF900823825 /* ActionSheetMultipleStringPicker.m in Sources */ = {isa = PBXBuildFile; fileRef = 847F43551F208FF900823825 /* ActionSheetMultipleStringPicker.m */; };
		847F43651F208FF900823825 /* ActionSheetStringPicker.m in Sources */ = {isa = PBXBuildFile; fileRef = 847F43581F208FF900823825 /* ActionSheetStringPicker.m */; };
		847F43661F208FF900823825 /* DistancePickerView.m in Sources */ = {isa = PBXBuildFile; fileRef = 847F435A1F208FF900823825 /* DistancePickerView.m */; };
		847F43671F208FF900823825 /* SWActionSheet.m in Sources */ = {isa = PBXBuildFile; fileRef = 847F435C1F208FF900823825 /* SWActionSheet.m */; };
		847F43681F208FF900823825 /* README.md in Sources */ = {isa = PBXBuildFile; fileRef = 847F435D1F208FF900823825 /* README.md */; };
		847F436A1F20905600823825 /* ListTwoPickCell.xib in Resources */ = {isa = PBXBuildFile; fileRef = 847F43691F20905600823825 /* ListTwoPickCell.xib */; };
		847F436C1F2092E600823825 /* ListPickCell.xib in Resources */ = {isa = PBXBuildFile; fileRef = 847F436B1F2092E600823825 /* ListPickCell.xib */; };
/* End PBXBuildFile section */

/* Begin PBXContainerItemProxy section */
		847F42821F203DD100823825 /* PBXContainerItemProxy */ = {
			isa = PBXContainerItemProxy;
			containerPortal = 847F42601F203DD100823825 /* Project object */;
			proxyType = 1;
			remoteGlobalIDString = 847F42671F203DD100823825;
			remoteInfo = "复杂表单";
		};
		847F428D1F203DD100823825 /* PBXContainerItemProxy */ = {
			isa = PBXContainerItemProxy;
			containerPortal = 847F42601F203DD100823825 /* Project object */;
			proxyType = 1;
			remoteGlobalIDString = 847F42671F203DD100823825;
			remoteInfo = "复杂表单";
		};
/* End PBXContainerItemProxy section */

/* Begin PBXFileReference section */
		847F42681F203DD100823825 /* 复杂表单.app */ = {isa = PBXFileReference; explicitFileType = wrapper.application; includeInIndex = 0; path = "复杂表单.app"; sourceTree = BUILT_PRODUCTS_DIR; };
		847F426C1F203DD100823825 /* main.m */ = {isa = PBXFileReference; lastKnownFileType = sourcecode.c.objc; path = main.m; sourceTree = "<group>"; };
		847F426E1F203DD100823825 /* AppDelegate.h */ = {isa = PBXFileReference; lastKnownFileType = sourcecode.c.h; path = AppDelegate.h; sourceTree = "<group>"; };
		847F426F1F203DD100823825 /* AppDelegate.m */ = {isa = PBXFileReference; lastKnownFileType = sourcecode.c.objc; path = AppDelegate.m; sourceTree = "<group>"; };
		847F42751F203DD100823825 /* Base */ = {isa = PBXFileReference; lastKnownFileType = file.storyboard; name = Base; path = Base.lproj/Main.storyboard; sourceTree = "<group>"; };
		847F42771F203DD100823825 /* Assets.xcassets */ = {isa = PBXFileReference; lastKnownFileType = folder.assetcatalog; path = Assets.xcassets; sourceTree = "<group>"; };
		847F427A1F203DD100823825 /* Base */ = {isa = PBXFileReference; lastKnownFileType = file.storyboard; name = Base; path = Base.lproj/LaunchScreen.storyboard; sourceTree = "<group>"; };
		847F427C1F203DD100823825 /* Info.plist */ = {isa = PBXFileReference; lastKnownFileType = text.plist.xml; path = Info.plist; sourceTree = "<group>"; };
		847F42811F203DD100823825 /* 复杂表单Tests.xctest */ = {isa = PBXFileReference; explicitFileType = wrapper.cfbundle; includeInIndex = 0; path = "复杂表单Tests.xctest"; sourceTree = BUILT_PRODUCTS_DIR; };
		847F42851F203DD100823825 /* ____Tests.m */ = {isa = PBXFileReference; lastKnownFileType = sourcecode.c.objc; path = "____Tests.m"; sourceTree = "<group>"; };
		847F42871F203DD100823825 /* Info.plist */ = {isa = PBXFileReference; lastKnownFileType = text.plist.xml; path = Info.plist; sourceTree = "<group>"; };
		847F428C1F203DD100823825 /* 复杂表单UITests.xctest */ = {isa = PBXFileReference; explicitFileType = wrapper.cfbundle; includeInIndex = 0; path = "复杂表单UITests.xctest"; sourceTree = BUILT_PRODUCTS_DIR; };
		847F42901F203DD100823825 /* ____UITests.m */ = {isa = PBXFileReference; lastKnownFileType = sourcecode.c.objc; path = "____UITests.m"; sourceTree = "<group>"; };
		847F42921F203DD100823825 /* Info.plist */ = {isa = PBXFileReference; lastKnownFileType = text.plist.xml; path = Info.plist; sourceTree = "<group>"; };
		847F429E1F203E5400823825 /* form.plist */ = {isa = PBXFileReference; fileEncoding = 4; lastKnownFileType = text.plist.xml; path = form.plist; sourceTree = "<group>"; };
		847F42A51F2046AE00823825 /* LICENSE */ = {isa = PBXFileReference; fileEncoding = 4; lastKnownFileType = text; path = LICENSE; sourceTree = "<group>"; };
		847F42A71F2046AE00823825 /* MJExtension.h */ = {isa = PBXFileReference; fileEncoding = 4; lastKnownFileType = sourcecode.c.h; path = MJExtension.h; sourceTree = "<group>"; };
		847F42A81F2046AE00823825 /* MJExtensionConst.h */ = {isa = PBXFileReference; fileEncoding = 4; lastKnownFileType = sourcecode.c.h; path = MJExtensionConst.h; sourceTree = "<group>"; };
		847F42A91F2046AE00823825 /* MJExtensionConst.m */ = {isa = PBXFileReference; fileEncoding = 4; lastKnownFileType = sourcecode.c.objc; path = MJExtensionConst.m; sourceTree = "<group>"; };
		847F42AA1F2046AE00823825 /* MJFoundation.h */ = {isa = PBXFileReference; fileEncoding = 4; lastKnownFileType = sourcecode.c.h; path = MJFoundation.h; sourceTree = "<group>"; };
		847F42AB1F2046AE00823825 /* MJFoundation.m */ = {isa = PBXFileReference; fileEncoding = 4; lastKnownFileType = sourcecode.c.objc; path = MJFoundation.m; sourceTree = "<group>"; };
		847F42AC1F2046AE00823825 /* MJProperty.h */ = {isa = PBXFileReference; fileEncoding = 4; lastKnownFileType = sourcecode.c.h; path = MJProperty.h; sourceTree = "<group>"; };
		847F42AD1F2046AE00823825 /* MJProperty.m */ = {isa = PBXFileReference; fileEncoding = 4; lastKnownFileType = sourcecode.c.objc; path = MJProperty.m; sourceTree = "<group>"; };
		847F42AE1F2046AE00823825 /* MJPropertyKey.h */ = {isa = PBXFileReference; fileEncoding = 4; lastKnownFileType = sourcecode.c.h; path = MJPropertyKey.h; sourceTree = "<group>"; };
		847F42AF1F2046AE00823825 /* MJPropertyKey.m */ = {isa = PBXFileReference; fileEncoding = 4; lastKnownFileType = sourcecode.c.objc; path = MJPropertyKey.m; sourceTree = "<group>"; };
		847F42B01F2046AE00823825 /* MJPropertyType.h */ = {isa = PBXFileReference; fileEncoding = 4; lastKnownFileType = sourcecode.c.h; path = MJPropertyType.h; sourceTree = "<group>"; };
		847F42B11F2046AE00823825 /* MJPropertyType.m */ = {isa = PBXFileReference; fileEncoding = 4; lastKnownFileType = sourcecode.c.objc; path = MJPropertyType.m; sourceTree = "<group>"; };
		847F42B21F2046AE00823825 /* NSObject+MJClass.h */ = {isa = PBXFileReference; fileEncoding = 4; lastKnownFileType = sourcecode.c.h; path = "NSObject+MJClass.h"; sourceTree = "<group>"; };
		847F42B31F2046AE00823825 /* NSObject+MJClass.m */ = {isa = PBXFileReference; fileEncoding = 4; lastKnownFileType = sourcecode.c.objc; path = "NSObject+MJClass.m"; sourceTree = "<group>"; };
		847F42B41F2046AE00823825 /* NSObject+MJCoding.h */ = {isa = PBXFileReference; fileEncoding = 4; lastKnownFileType = sourcecode.c.h; path = "NSObject+MJCoding.h"; sourceTree = "<group>"; };
		847F42B51F2046AE00823825 /* NSObject+MJCoding.m */ = {isa = PBXFileReference; fileEncoding = 4; lastKnownFileType = sourcecode.c.objc; path = "NSObject+MJCoding.m"; sourceTree = "<group>"; };
		847F42B61F2046AE00823825 /* NSObject+MJKeyValue.h */ = {isa = PBXFileReference; fileEncoding = 4; lastKnownFileType = sourcecode.c.h; path = "NSObject+MJKeyValue.h"; sourceTree = "<group>"; };
		847F42B71F2046AE00823825 /* NSObject+MJKeyValue.m */ = {isa = PBXFileReference; fileEncoding = 4; lastKnownFileType = sourcecode.c.objc; path = "NSObject+MJKeyValue.m"; sourceTree = "<group>"; };
		847F42B81F2046AE00823825 /* NSObject+MJProperty.h */ = {isa = PBXFileReference; fileEncoding = 4; lastKnownFileType = sourcecode.c.h; path = "NSObject+MJProperty.h"; sourceTree = "<group>"; };
		847F42B91F2046AE00823825 /* NSObject+MJProperty.m */ = {isa = PBXFileReference; fileEncoding = 4; lastKnownFileType = sourcecode.c.objc; path = "NSObject+MJProperty.m"; sourceTree = "<group>"; };
		847F42BA1F2046AE00823825 /* NSString+MJExtension.h */ = {isa = PBXFileReference; fileEncoding = 4; lastKnownFileType = sourcecode.c.h; path = "NSString+MJExtension.h"; sourceTree = "<group>"; };
		847F42BB1F2046AE00823825 /* NSString+MJExtension.m */ = {isa = PBXFileReference; fileEncoding = 4; lastKnownFileType = sourcecode.c.objc; path = "NSString+MJExtension.m"; sourceTree = "<group>"; };
		847F42BC1F2046AE00823825 /* README.md */ = {isa = PBXFileReference; fileEncoding = 4; lastKnownFileType = net.daringfireball.markdown; path = README.md; sourceTree = "<group>"; };
		847F42D61F204A3B00823825 /* LICENSE.txt */ = {isa = PBXFileReference; fileEncoding = 4; lastKnownFileType = text; path = LICENSE.txt; sourceTree = "<group>"; };
		847F42D71F204A3B00823825 /* README.md */ = {isa = PBXFileReference; fileEncoding = 4; lastKnownFileType = net.daringfireball.markdown; path = README.md; sourceTree = "<group>"; };
		847F42D91F204A3B00823825 /* TPKeyboardAvoidingCollectionView.h */ = {isa = PBXFileReference; fileEncoding = 4; lastKnownFileType = sourcecode.c.h; path = TPKeyboardAvoidingCollectionView.h; sourceTree = "<group>"; };
		847F42DA1F204A3B00823825 /* TPKeyboardAvoidingCollectionView.m */ = {isa = PBXFileReference; fileEncoding = 4; lastKnownFileType = sourcecode.c.objc; path = TPKeyboardAvoidingCollectionView.m; sourceTree = "<group>"; };
		847F42DB1F204A3B00823825 /* TPKeyboardAvoidingScrollView.h */ = {isa = PBXFileReference; fileEncoding = 4; lastKnownFileType = sourcecode.c.h; path = TPKeyboardAvoidingScrollView.h; sourceTree = "<group>"; };
		847F42DC1F204A3B00823825 /* TPKeyboardAvoidingScrollView.m */ = {isa = PBXFileReference; fileEncoding = 4; lastKnownFileType = sourcecode.c.objc; path = TPKeyboardAvoidingScrollView.m; sourceTree = "<group>"; };
		847F42DD1F204A3B00823825 /* TPKeyboardAvoidingTableView.h */ = {isa = PBXFileReference; fileEncoding = 4; lastKnownFileType = sourcecode.c.h; path = TPKeyboardAvoidingTableView.h; sourceTree = "<group>"; };
		847F42DE1F204A3B00823825 /* TPKeyboardAvoidingTableView.m */ = {isa = PBXFileReference; fileEncoding = 4; lastKnownFileType = sourcecode.c.objc; path = TPKeyboardAvoidingTableView.m; sourceTree = "<group>"; };
		847F42DF1F204A3B00823825 /* UIScrollView+TPKeyboardAvoidingAdditions.h */ = {isa = PBXFileReference; fileEncoding = 4; lastKnownFileType = sourcecode.c.h; path = "UIScrollView+TPKeyboardAvoidingAdditions.h"; sourceTree = "<group>"; };
		847F42E01F204A3B00823825 /* UIScrollView+TPKeyboardAvoidingAdditions.m */ = {isa = PBXFileReference; fileEncoding = 4; lastKnownFileType = sourcecode.c.objc; path = "UIScrollView+TPKeyboardAvoidingAdditions.m"; sourceTree = "<group>"; };
		847F42EB1F205E0900823825 /* LICENSE */ = {isa = PBXFileReference; fileEncoding = 4; lastKnownFileType = text; path = LICENSE; sourceTree = "<group>"; };
		847F42ED1F205E0900823825 /* MASCompositeConstraint.h */ = {isa = PBXFileReference; fileEncoding = 4; lastKnownFileType = sourcecode.c.h; path = MASCompositeConstraint.h; sourceTree = "<group>"; };
		847F42EE1F205E0900823825 /* MASCompositeConstraint.m */ = {isa = PBXFileReference; fileEncoding = 4; lastKnownFileType = sourcecode.c.objc; path = MASCompositeConstraint.m; sourceTree = "<group>"; };
		847F42EF1F205E0900823825 /* MASConstraint+Private.h */ = {isa = PBXFileReference; fileEncoding = 4; lastKnownFileType = sourcecode.c.h; path = "MASConstraint+Private.h"; sourceTree = "<group>"; };
		847F42F01F205E0900823825 /* MASConstraint.h */ = {isa = PBXFileReference; fileEncoding = 4; lastKnownFileType = sourcecode.c.h; path = MASConstraint.h; sourceTree = "<group>"; };
		847F42F11F205E0900823825 /* MASConstraint.m */ = {isa = PBXFileReference; fileEncoding = 4; lastKnownFileType = sourcecode.c.objc; path = MASConstraint.m; sourceTree = "<group>"; };
		847F42F21F205E0900823825 /* MASConstraintMaker.h */ = {isa = PBXFileReference; fileEncoding = 4; lastKnownFileType = sourcecode.c.h; path = MASConstraintMaker.h; sourceTree = "<group>"; };
		847F42F31F205E0900823825 /* MASConstraintMaker.m */ = {isa = PBXFileReference; fileEncoding = 4; lastKnownFileType = sourcecode.c.objc; path = MASConstraintMaker.m; sourceTree = "<group>"; };
		847F42F41F205E0900823825 /* MASLayoutConstraint.h */ = {isa = PBXFileReference; fileEncoding = 4; lastKnownFileType = sourcecode.c.h; path = MASLayoutConstraint.h; sourceTree = "<group>"; };
		847F42F51F205E0900823825 /* MASLayoutConstraint.m */ = {isa = PBXFileReference; fileEncoding = 4; lastKnownFileType = sourcecode.c.objc; path = MASLayoutConstraint.m; sourceTree = "<group>"; };
		847F42F61F205E0900823825 /* Masonry.h */ = {isa = PBXFileReference; fileEncoding = 4; lastKnownFileType = sourcecode.c.h; path = Masonry.h; sourceTree = "<group>"; };
		847F42F71F205E0900823825 /* MASUtilities.h */ = {isa = PBXFileReference; fileEncoding = 4; lastKnownFileType = sourcecode.c.h; path = MASUtilities.h; sourceTree = "<group>"; };
		847F42F81F205E0900823825 /* MASViewAttribute.h */ = {isa = PBXFileReference; fileEncoding = 4; lastKnownFileType = sourcecode.c.h; path = MASViewAttribute.h; sourceTree = "<group>"; };
		847F42F91F205E0900823825 /* MASViewAttribute.m */ = {isa = PBXFileReference; fileEncoding = 4; lastKnownFileType = sourcecode.c.objc; path = MASViewAttribute.m; sourceTree = "<group>"; };
		847F42FA1F205E0900823825 /* MASViewConstraint.h */ = {isa = PBXFileReference; fileEncoding = 4; lastKnownFileType = sourcecode.c.h; path = MASViewConstraint.h; sourceTree = "<group>"; };
		847F42FB1F205E0900823825 /* MASViewConstraint.m */ = {isa = PBXFileReference; fileEncoding = 4; lastKnownFileType = sourcecode.c.objc; path = MASViewConstraint.m; sourceTree = "<group>"; };
		847F42FC1F205E0900823825 /* NSArray+MASAdditions.h */ = {isa = PBXFileReference; fileEncoding = 4; lastKnownFileType = sourcecode.c.h; path = "NSArray+MASAdditions.h"; sourceTree = "<group>"; };
		847F42FD1F205E0900823825 /* NSArray+MASAdditions.m */ = {isa = PBXFileReference; fileEncoding = 4; lastKnownFileType = sourcecode.c.objc; path = "NSArray+MASAdditions.m"; sourceTree = "<group>"; };
		847F42FE1F205E0900823825 /* NSArray+MASShorthandAdditions.h */ = {isa = PBXFileReference; fileEncoding = 4; lastKnownFileType = sourcecode.c.h; path = "NSArray+MASShorthandAdditions.h"; sourceTree = "<group>"; };
		847F42FF1F205E0900823825 /* NSLayoutConstraint+MASDebugAdditions.h */ = {isa = PBXFileReference; fileEncoding = 4; lastKnownFileType = sourcecode.c.h; path = "NSLayoutConstraint+MASDebugAdditions.h"; sourceTree = "<group>"; };
		847F43001F205E0900823825 /* NSLayoutConstraint+MASDebugAdditions.m */ = {isa = PBXFileReference; fileEncoding = 4; lastKnownFileType = sourcecode.c.objc; path = "NSLayoutConstraint+MASDebugAdditions.m"; sourceTree = "<group>"; };
		847F43011F205E0900823825 /* View+MASAdditions.h */ = {isa = PBXFileReference; fileEncoding = 4; lastKnownFileType = sourcecode.c.h; path = "View+MASAdditions.h"; sourceTree = "<group>"; };
		847F43021F205E0900823825 /* View+MASAdditions.m */ = {isa = PBXFileReference; fileEncoding = 4; lastKnownFileType = sourcecode.c.objc; path = "View+MASAdditions.m"; sourceTree = "<group>"; };
		847F43031F205E0900823825 /* View+MASShorthandAdditions.h */ = {isa = PBXFileReference; fileEncoding = 4; lastKnownFileType = sourcecode.c.h; path = "View+MASShorthandAdditions.h"; sourceTree = "<group>"; };
		847F43041F205E0900823825 /* ViewController+MASAdditions.h */ = {isa = PBXFileReference; fileEncoding = 4; lastKnownFileType = sourcecode.c.h; path = "ViewController+MASAdditions.h"; sourceTree = "<group>"; };
		847F43051F205E0900823825 /* ViewController+MASAdditions.m */ = {isa = PBXFileReference; fileEncoding = 4; lastKnownFileType = sourcecode.c.objc; path = "ViewController+MASAdditions.m"; sourceTree = "<group>"; };
		847F43061F205E0900823825 /* README.md */ = {isa = PBXFileReference; fileEncoding = 4; lastKnownFileType = net.daringfireball.markdown; path = README.md; sourceTree = "<group>"; };
		847F431D1F207E6E00823825 /* PrefixHeader.pch */ = {isa = PBXFileReference; fileEncoding = 4; lastKnownFileType = sourcecode.c.h; path = PrefixHeader.pch; sourceTree = "<group>"; };
		847F43211F20835D00823825 /* ListCheckCell.h */ = {isa = PBXFileReference; fileEncoding = 4; lastKnownFileType = sourcecode.c.h; path = ListCheckCell.h; sourceTree = "<group>"; };
		847F43221F20835D00823825 /* ListCheckCell.m */ = {isa = PBXFileReference; fileEncoding = 4; lastKnownFileType = sourcecode.c.objc; path = ListCheckCell.m; sourceTree = "<group>"; };
		847F43231F20835D00823825 /* ListCheckCell.xib */ = {isa = PBXFileReference; fileEncoding = 4; lastKnownFileType = file.xib; path = ListCheckCell.xib; sourceTree = "<group>"; };
		847F43241F20835D00823825 /* ListPickCell.h */ = {isa = PBXFileReference; fileEncoding = 4; lastKnownFileType = sourcecode.c.h; path = ListPickCell.h; sourceTree = "<group>"; };
		847F43251F20835D00823825 /* ListPickCell.m */ = {isa = PBXFileReference; fileEncoding = 4; lastKnownFileType = sourcecode.c.objc; path = ListPickCell.m; sourceTree = "<group>"; };
		847F43261F20835D00823825 /* ListTFCell.h */ = {isa = PBXFileReference; fileEncoding = 4; lastKnownFileType = sourcecode.c.h; path = ListTFCell.h; sourceTree = "<group>"; };
		847F43271F20835D00823825 /* ListTFCell.m */ = {isa = PBXFileReference; fileEncoding = 4; lastKnownFileType = sourcecode.c.objc; path = ListTFCell.m; sourceTree = "<group>"; };
		847F43281F20835D00823825 /* ListTFCell.xib */ = {isa = PBXFileReference; fileEncoding = 4; lastKnownFileType = file.xib; path = ListTFCell.xib; sourceTree = "<group>"; };
		847F43291F20835D00823825 /* ListTVCell.h */ = {isa = PBXFileReference; fileEncoding = 4; lastKnownFileType = sourcecode.c.h; path = ListTVCell.h; sourceTree = "<group>"; };
		847F432A1F20835D00823825 /* ListTVCell.m */ = {isa = PBXFileReference; fileEncoding = 4; lastKnownFileType = sourcecode.c.objc; path = ListTVCell.m; sourceTree = "<group>"; };
		847F43321F2084D900823825 /* FormModel.h */ = {isa = PBXFileReference; fileEncoding = 4; lastKnownFileType = sourcecode.c.h; path = FormModel.h; sourceTree = "<group>"; };
		847F43331F2084D900823825 /* FormModel.m */ = {isa = PBXFileReference; fileEncoding = 4; lastKnownFileType = sourcecode.c.objc; path = FormModel.m; sourceTree = "<group>"; };
		847F43341F2084D900823825 /* ListModel.h */ = {isa = PBXFileReference; fileEncoding = 4; lastKnownFileType = sourcecode.c.h; path = ListModel.h; sourceTree = "<group>"; };
		847F43351F2084D900823825 /* ListModel.m */ = {isa = PBXFileReference; fileEncoding = 4; lastKnownFileType = sourcecode.c.objc; path = ListModel.m; sourceTree = "<group>"; };
		847F43391F20874A00823825 /* RGAppointSectionView.h */ = {isa = PBXFileReference; fileEncoding = 4; lastKnownFileType = sourcecode.c.h; path = RGAppointSectionView.h; sourceTree = "<group>"; };
		847F433A1F20874A00823825 /* RGAppointSectionView.m */ = {isa = PBXFileReference; fileEncoding = 4; lastKnownFileType = sourcecode.c.objc; path = RGAppointSectionView.m; sourceTree = "<group>"; };
		847F433B1F20874A00823825 /* UIView+Extension.h */ = {isa = PBXFileReference; fileEncoding = 4; lastKnownFileType = sourcecode.c.h; path = "UIView+Extension.h"; sourceTree = "<group>"; };
		847F433C1F20874A00823825 /* UIView+Extension.m */ = {isa = PBXFileReference; fileEncoding = 4; lastKnownFileType = sourcecode.c.objc; path = "UIView+Extension.m"; sourceTree = "<group>"; };
		847F43401F20879900823825 /* ViewController.h */ = {isa = PBXFileReference; fileEncoding = 4; lastKnownFileType = sourcecode.c.h; path = ViewController.h; sourceTree = "<group>"; };
		847F43411F20879900823825 /* ViewController.m */ = {isa = PBXFileReference; fileEncoding = 4; lastKnownFileType = sourcecode.c.objc; path = ViewController.m; sourceTree = "<group>"; };
		847F43431F208ED300823825 /* ListTwoPickCell.h */ = {isa = PBXFileReference; fileEncoding = 4; lastKnownFileType = sourcecode.c.h; path = ListTwoPickCell.h; sourceTree = "<group>"; };
		847F43441F208ED300823825 /* ListTwoPickCell.m */ = {isa = PBXFileReference; fileEncoding = 4; lastKnownFileType = sourcecode.c.objc; path = ListTwoPickCell.m; sourceTree = "<group>"; };
		847F43471F208FF900823825 /* LICENSE */ = {isa = PBXFileReference; fileEncoding = 4; lastKnownFileType = text; path = LICENSE; sourceTree = "<group>"; };
		847F43491F208FF900823825 /* AbstractActionSheetPicker.h */ = {isa = PBXFileReference; fileEncoding = 4; lastKnownFileType = sourcecode.c.h; path = AbstractActionSheetPicker.h; sourceTree = "<group>"; };
		847F434A1F208FF900823825 /* AbstractActionSheetPicker.m */ = {isa = PBXFileReference; fileEncoding = 4; lastKnownFileType = sourcecode.c.objc; path = AbstractActionSheetPicker.m; sourceTree = "<group>"; };
		847F434B1F208FF900823825 /* ActionSheetCustomPicker.h */ = {isa = PBXFileReference; fileEncoding = 4; lastKnownFileType = sourcecode.c.h; path = ActionSheetCustomPicker.h; sourceTree = "<group>"; };
		847F434C1F208FF900823825 /* ActionSheetCustomPicker.m */ = {isa = PBXFileReference; fileEncoding = 4; lastKnownFileType = sourcecode.c.objc; path = ActionSheetCustomPicker.m; sourceTree = "<group>"; };
		847F434D1F208FF900823825 /* ActionSheetCustomPickerDelegate.h */ = {isa = PBXFileReference; fileEncoding = 4; lastKnownFileType = sourcecode.c.h; path = ActionSheetCustomPickerDelegate.h; sourceTree = "<group>"; };
		847F434E1F208FF900823825 /* ActionSheetDatePicker.h */ = {isa = PBXFileReference; fileEncoding = 4; lastKnownFileType = sourcecode.c.h; path = ActionSheetDatePicker.h; sourceTree = "<group>"; };
		847F434F1F208FF900823825 /* ActionSheetDatePicker.m */ = {isa = PBXFileReference; fileEncoding = 4; lastKnownFileType = sourcecode.c.objc; path = ActionSheetDatePicker.m; sourceTree = "<group>"; };
		847F43501F208FF900823825 /* ActionSheetDistancePicker.h */ = {isa = PBXFileReference; fileEncoding = 4; lastKnownFileType = sourcecode.c.h; path = ActionSheetDistancePicker.h; sourceTree = "<group>"; };
		847F43511F208FF900823825 /* ActionSheetDistancePicker.m */ = {isa = PBXFileReference; fileEncoding = 4; lastKnownFileType = sourcecode.c.objc; path = ActionSheetDistancePicker.m; sourceTree = "<group>"; };
		847F43521F208FF900823825 /* ActionSheetLocalePicker.h */ = {isa = PBXFileReference; fileEncoding = 4; lastKnownFileType = sourcecode.c.h; path = ActionSheetLocalePicker.h; sourceTree = "<group>"; };
		847F43531F208FF900823825 /* ActionSheetLocalePicker.m */ = {isa = PBXFileReference; fileEncoding = 4; lastKnownFileType = sourcecode.c.objc; path = ActionSheetLocalePicker.m; sourceTree = "<group>"; };
		847F43541F208FF900823825 /* ActionSheetMultipleStringPicker.h */ = {isa = PBXFileReference; fileEncoding = 4; lastKnownFileType = sourcecode.c.h; path = ActionSheetMultipleStringPicker.h; sourceTree = "<group>"; };
		847F43551F208FF900823825 /* ActionSheetMultipleStringPicker.m */ = {isa = PBXFileReference; fileEncoding = 4; lastKnownFileType = sourcecode.c.objc; path = ActionSheetMultipleStringPicker.m; sourceTree = "<group>"; };
		847F43561F208FF900823825 /* ActionSheetPicker.h */ = {isa = PBXFileReference; fileEncoding = 4; lastKnownFileType = sourcecode.c.h; path = ActionSheetPicker.h; sourceTree = "<group>"; };
		847F43571F208FF900823825 /* ActionSheetStringPicker.h */ = {isa = PBXFileReference; fileEncoding = 4; lastKnownFileType = sourcecode.c.h; path = ActionSheetStringPicker.h; sourceTree = "<group>"; };
		847F43581F208FF900823825 /* ActionSheetStringPicker.m */ = {isa = PBXFileReference; fileEncoding = 4; lastKnownFileType = sourcecode.c.objc; path = ActionSheetStringPicker.m; sourceTree = "<group>"; };
		847F43591F208FF900823825 /* DistancePickerView.h */ = {isa = PBXFileReference; fileEncoding = 4; lastKnownFileType = sourcecode.c.h; path = DistancePickerView.h; sourceTree = "<group>"; };
		847F435A1F208FF900823825 /* DistancePickerView.m */ = {isa = PBXFileReference; fileEncoding = 4; lastKnownFileType = sourcecode.c.objc; path = DistancePickerView.m; sourceTree = "<group>"; };
		847F435B1F208FF900823825 /* SWActionSheet.h */ = {isa = PBXFileReference; fileEncoding = 4; lastKnownFileType = sourcecode.c.h; path = SWActionSheet.h; sourceTree = "<group>"; };
		847F435C1F208FF900823825 /* SWActionSheet.m */ = {isa = PBXFileReference; fileEncoding = 4; lastKnownFileType = sourcecode.c.objc; path = SWActionSheet.m; sourceTree = "<group>"; };
		847F435D1F208FF900823825 /* README.md */ = {isa = PBXFileReference; fileEncoding = 4; lastKnownFileType = net.daringfireball.markdown; path = README.md; sourceTree = "<group>"; };
		847F43691F20905600823825 /* ListTwoPickCell.xib */ = {isa = PBXFileReference; fileEncoding = 4; lastKnownFileType = file.xib; path = ListTwoPickCell.xib; sourceTree = "<group>"; };
		847F436B1F2092E600823825 /* ListPickCell.xib */ = {isa = PBXFileReference; fileEncoding = 4; lastKnownFileType = file.xib; path = ListPickCell.xib; sourceTree = "<group>"; };
/* End PBXFileReference section */

/* Begin PBXFrameworksBuildPhase section */
		847F42651F203DD100823825 /* Frameworks */ = {
			isa = PBXFrameworksBuildPhase;
			buildActionMask = 2147483647;
			files = (
			);
			runOnlyForDeploymentPostprocessing = 0;
		};
		847F427E1F203DD100823825 /* Frameworks */ = {
			isa = PBXFrameworksBuildPhase;
			buildActionMask = 2147483647;
			files = (
			);
			runOnlyForDeploymentPostprocessing = 0;
		};
		847F42891F203DD100823825 /* Frameworks */ = {
			isa = PBXFrameworksBuildPhase;
			buildActionMask = 2147483647;
			files = (
			);
			runOnlyForDeploymentPostprocessing = 0;
		};
/* End PBXFrameworksBuildPhase section */

/* Begin PBXGroup section */
		847F425F1F203DD100823825 = {
			isa = PBXGroup;
			children = (
				847F426A1F203DD100823825 /* 复杂表单 */,
				847F42841F203DD100823825 /* 复杂表单Tests */,
				847F428F1F203DD100823825 /* 复杂表单UITests */,
				847F42691F203DD100823825 /* Products */,
			);
			sourceTree = "<group>";
		};
		847F42691F203DD100823825 /* Products */ = {
			isa = PBXGroup;
			children = (
				847F42681F203DD100823825 /* 复杂表单.app */,
				847F42811F203DD100823825 /* 复杂表单Tests.xctest */,
				847F428C1F203DD100823825 /* 复杂表单UITests.xctest */,
			);
			name = Products;
			sourceTree = "<group>";
		};
		847F426A1F203DD100823825 /* 复杂表单 */ = {
			isa = PBXGroup;
			children = (
				847F43461F208FF800823825 /* ActionSheetPicker-3.0 */,
				847F42EA1F205E0900823825 /* Masonry */,
				847F42D51F204A3B00823825 /* TPKeyboardAvoiding */,
				847F42A41F2046AE00823825 /* MJExtension */,
				847F43381F20874A00823825 /* Lib */,
				847F43311F2084D900823825 /* Model */,
				847F433F1F20879900823825 /* Controller */,
				847F43201F20835D00823825 /* Cell */,
				847F426B1F203DD100823825 /* Supporting Files */,
			);
			path = "复杂表单";
			sourceTree = "<group>";
		};
		847F426B1F203DD100823825 /* Supporting Files */ = {
			isa = PBXGroup;
			children = (
				847F426E1F203DD100823825 /* AppDelegate.h */,
				847F426F1F203DD100823825 /* AppDelegate.m */,
				847F42741F203DD100823825 /* Main.storyboard */,
				847F42771F203DD100823825 /* Assets.xcassets */,
				847F431D1F207E6E00823825 /* PrefixHeader.pch */,
				847F42791F203DD100823825 /* LaunchScreen.storyboard */,
				847F427C1F203DD100823825 /* Info.plist */,
				847F429E1F203E5400823825 /* form.plist */,
				847F426C1F203DD100823825 /* main.m */,
			);
			name = "Supporting Files";
			sourceTree = "<group>";
		};
		847F42841F203DD100823825 /* 复杂表单Tests */ = {
			isa = PBXGroup;
			children = (
				847F42851F203DD100823825 /* ____Tests.m */,
				847F42871F203DD100823825 /* Info.plist */,
			);
			path = "复杂表单Tests";
			sourceTree = "<group>";
		};
		847F428F1F203DD100823825 /* 复杂表单UITests */ = {
			isa = PBXGroup;
			children = (
				847F42901F203DD100823825 /* ____UITests.m */,
				847F42921F203DD100823825 /* Info.plist */,
			);
			path = "复杂表单UITests";
			sourceTree = "<group>";
		};
		847F42A41F2046AE00823825 /* MJExtension */ = {
			isa = PBXGroup;
			children = (
				847F42A51F2046AE00823825 /* LICENSE */,
				847F42A61F2046AE00823825 /* MJExtension */,
				847F42BC1F2046AE00823825 /* README.md */,
			);
			path = MJExtension;
			sourceTree = "<group>";
		};
		847F42A61F2046AE00823825 /* MJExtension */ = {
			isa = PBXGroup;
			children = (
				847F42A71F2046AE00823825 /* MJExtension.h */,
				847F42A81F2046AE00823825 /* MJExtensionConst.h */,
				847F42A91F2046AE00823825 /* MJExtensionConst.m */,
				847F42AA1F2046AE00823825 /* MJFoundation.h */,
				847F42AB1F2046AE00823825 /* MJFoundation.m */,
				847F42AC1F2046AE00823825 /* MJProperty.h */,
				847F42AD1F2046AE00823825 /* MJProperty.m */,
				847F42AE1F2046AE00823825 /* MJPropertyKey.h */,
				847F42AF1F2046AE00823825 /* MJPropertyKey.m */,
				847F42B01F2046AE00823825 /* MJPropertyType.h */,
				847F42B11F2046AE00823825 /* MJPropertyType.m */,
				847F42B21F2046AE00823825 /* NSObject+MJClass.h */,
				847F42B31F2046AE00823825 /* NSObject+MJClass.m */,
				847F42B41F2046AE00823825 /* NSObject+MJCoding.h */,
				847F42B51F2046AE00823825 /* NSObject+MJCoding.m */,
				847F42B61F2046AE00823825 /* NSObject+MJKeyValue.h */,
				847F42B71F2046AE00823825 /* NSObject+MJKeyValue.m */,
				847F42B81F2046AE00823825 /* NSObject+MJProperty.h */,
				847F42B91F2046AE00823825 /* NSObject+MJProperty.m */,
				847F42BA1F2046AE00823825 /* NSString+MJExtension.h */,
				847F42BB1F2046AE00823825 /* NSString+MJExtension.m */,
			);
			path = MJExtension;
			sourceTree = "<group>";
		};
		847F42D51F204A3B00823825 /* TPKeyboardAvoiding */ = {
			isa = PBXGroup;
			children = (
				847F42D61F204A3B00823825 /* LICENSE.txt */,
				847F42D71F204A3B00823825 /* README.md */,
				847F42D81F204A3B00823825 /* TPKeyboardAvoiding */,
			);
			path = TPKeyboardAvoiding;
			sourceTree = "<group>";
		};
		847F42D81F204A3B00823825 /* TPKeyboardAvoiding */ = {
			isa = PBXGroup;
			children = (
				847F42D91F204A3B00823825 /* TPKeyboardAvoidingCollectionView.h */,
				847F42DA1F204A3B00823825 /* TPKeyboardAvoidingCollectionView.m */,
				847F42DB1F204A3B00823825 /* TPKeyboardAvoidingScrollView.h */,
				847F42DC1F204A3B00823825 /* TPKeyboardAvoidingScrollView.m */,
				847F42DD1F204A3B00823825 /* TPKeyboardAvoidingTableView.h */,
				847F42DE1F204A3B00823825 /* TPKeyboardAvoidingTableView.m */,
				847F42DF1F204A3B00823825 /* UIScrollView+TPKeyboardAvoidingAdditions.h */,
				847F42E01F204A3B00823825 /* UIScrollView+TPKeyboardAvoidingAdditions.m */,
			);
			path = TPKeyboardAvoiding;
			sourceTree = "<group>";
		};
		847F42EA1F205E0900823825 /* Masonry */ = {
			isa = PBXGroup;
			children = (
				847F42EB1F205E0900823825 /* LICENSE */,
				847F42EC1F205E0900823825 /* Masonry */,
				847F43061F205E0900823825 /* README.md */,
			);
			path = Masonry;
			sourceTree = "<group>";
		};
		847F42EC1F205E0900823825 /* Masonry */ = {
			isa = PBXGroup;
			children = (
				847F42ED1F205E0900823825 /* MASCompositeConstraint.h */,
				847F42EE1F205E0900823825 /* MASCompositeConstraint.m */,
				847F42EF1F205E0900823825 /* MASConstraint+Private.h */,
				847F42F01F205E0900823825 /* MASConstraint.h */,
				847F42F11F205E0900823825 /* MASConstraint.m */,
				847F42F21F205E0900823825 /* MASConstraintMaker.h */,
				847F42F31F205E0900823825 /* MASConstraintMaker.m */,
				847F42F41F205E0900823825 /* MASLayoutConstraint.h */,
				847F42F51F205E0900823825 /* MASLayoutConstraint.m */,
				847F42F61F205E0900823825 /* Masonry.h */,
				847F42F71F205E0900823825 /* MASUtilities.h */,
				847F42F81F205E0900823825 /* MASViewAttribute.h */,
				847F42F91F205E0900823825 /* MASViewAttribute.m */,
				847F42FA1F205E0900823825 /* MASViewConstraint.h */,
				847F42FB1F205E0900823825 /* MASViewConstraint.m */,
				847F42FC1F205E0900823825 /* NSArray+MASAdditions.h */,
				847F42FD1F205E0900823825 /* NSArray+MASAdditions.m */,
				847F42FE1F205E0900823825 /* NSArray+MASShorthandAdditions.h */,
				847F42FF1F205E0900823825 /* NSLayoutConstraint+MASDebugAdditions.h */,
				847F43001F205E0900823825 /* NSLayoutConstraint+MASDebugAdditions.m */,
				847F43011F205E0900823825 /* View+MASAdditions.h */,
				847F43021F205E0900823825 /* View+MASAdditions.m */,
				847F43031F205E0900823825 /* View+MASShorthandAdditions.h */,
				847F43041F205E0900823825 /* ViewController+MASAdditions.h */,
				847F43051F205E0900823825 /* ViewController+MASAdditions.m */,
			);
			path = Masonry;
			sourceTree = "<group>";
		};
		847F43201F20835D00823825 /* Cell */ = {
			isa = PBXGroup;
			children = (
				847F43211F20835D00823825 /* ListCheckCell.h */,
				847F43221F20835D00823825 /* ListCheckCell.m */,
				847F43231F20835D00823825 /* ListCheckCell.xib */,
				847F43241F20835D00823825 /* ListPickCell.h */,
				847F43251F20835D00823825 /* ListPickCell.m */,
				847F436B1F2092E600823825 /* ListPickCell.xib */,
				847F43431F208ED300823825 /* ListTwoPickCell.h */,
				847F43441F208ED300823825 /* ListTwoPickCell.m */,
				847F43691F20905600823825 /* ListTwoPickCell.xib */,
				847F43261F20835D00823825 /* ListTFCell.h */,
				847F43271F20835D00823825 /* ListTFCell.m */,
				847F43281F20835D00823825 /* ListTFCell.xib */,
				847F43291F20835D00823825 /* ListTVCell.h */,
				847F432A1F20835D00823825 /* ListTVCell.m */,
			);
			path = Cell;
			sourceTree = "<group>";
		};
		847F43311F2084D900823825 /* Model */ = {
			isa = PBXGroup;
			children = (
				847F43321F2084D900823825 /* FormModel.h */,
				847F43331F2084D900823825 /* FormModel.m */,
				847F43341F2084D900823825 /* ListModel.h */,
				847F43351F2084D900823825 /* ListModel.m */,
			);
			path = Model;
			sourceTree = "<group>";
		};
		847F43381F20874A00823825 /* Lib */ = {
			isa = PBXGroup;
			children = (
				847F43391F20874A00823825 /* RGAppointSectionView.h */,
				847F433A1F20874A00823825 /* RGAppointSectionView.m */,
				847F433B1F20874A00823825 /* UIView+Extension.h */,
				847F433C1F20874A00823825 /* UIView+Extension.m */,
			);
			path = Lib;
			sourceTree = "<group>";
		};
		847F433F1F20879900823825 /* Controller */ = {
			isa = PBXGroup;
			children = (
				847F43401F20879900823825 /* ViewController.h */,
				847F43411F20879900823825 /* ViewController.m */,
			);
			name = Controller;
			path = Model/Controller;
			sourceTree = "<group>";
		};
		847F43461F208FF800823825 /* ActionSheetPicker-3.0 */ = {
			isa = PBXGroup;
			children = (
				847F43471F208FF900823825 /* LICENSE */,
				847F43481F208FF900823825 /* Pickers */,
				847F435D1F208FF900823825 /* README.md */,
			);
			path = "ActionSheetPicker-3.0";
			sourceTree = "<group>";
		};
		847F43481F208FF900823825 /* Pickers */ = {
			isa = PBXGroup;
			children = (
				847F43491F208FF900823825 /* AbstractActionSheetPicker.h */,
				847F434A1F208FF900823825 /* AbstractActionSheetPicker.m */,
				847F434B1F208FF900823825 /* ActionSheetCustomPicker.h */,
				847F434C1F208FF900823825 /* ActionSheetCustomPicker.m */,
				847F434D1F208FF900823825 /* ActionSheetCustomPickerDelegate.h */,
				847F434E1F208FF900823825 /* ActionSheetDatePicker.h */,
				847F434F1F208FF900823825 /* ActionSheetDatePicker.m */,
				847F43501F208FF900823825 /* ActionSheetDistancePicker.h */,
				847F43511F208FF900823825 /* ActionSheetDistancePicker.m */,
				847F43521F208FF900823825 /* ActionSheetLocalePicker.h */,
				847F43531F208FF900823825 /* ActionSheetLocalePicker.m */,
				847F43541F208FF900823825 /* ActionSheetMultipleStringPicker.h */,
				847F43551F208FF900823825 /* ActionSheetMultipleStringPicker.m */,
				847F43561F208FF900823825 /* ActionSheetPicker.h */,
				847F43571F208FF900823825 /* ActionSheetStringPicker.h */,
				847F43581F208FF900823825 /* ActionSheetStringPicker.m */,
				847F43591F208FF900823825 /* DistancePickerView.h */,
				847F435A1F208FF900823825 /* DistancePickerView.m */,
				847F435B1F208FF900823825 /* SWActionSheet.h */,
				847F435C1F208FF900823825 /* SWActionSheet.m */,
			);
			path = Pickers;
			sourceTree = "<group>";
		};
/* End PBXGroup section */

/* Begin PBXNativeTarget section */
		847F42671F203DD100823825 /* 复杂表单 */ = {
			isa = PBXNativeTarget;
			buildConfigurationList = 847F42951F203DD100823825 /* Build configuration list for PBXNativeTarget "复杂表单" */;
			buildPhases = (
				847F42641F203DD100823825 /* Sources */,
				847F42651F203DD100823825 /* Frameworks */,
				847F42661F203DD100823825 /* Resources */,
			);
			buildRules = (
			);
			dependencies = (
			);
			name = "复杂表单";
			productName = "复杂表单";
			productReference = 847F42681F203DD100823825 /* 复杂表单.app */;
			productType = "com.apple.product-type.application";
		};
		847F42801F203DD100823825 /* 复杂表单Tests */ = {
			isa = PBXNativeTarget;
			buildConfigurationList = 847F42981F203DD100823825 /* Build configuration list for PBXNativeTarget "复杂表单Tests" */;
			buildPhases = (
				847F427D1F203DD100823825 /* Sources */,
				847F427E1F203DD100823825 /* Frameworks */,
				847F427F1F203DD100823825 /* Resources */,
			);
			buildRules = (
			);
			dependencies = (
				847F42831F203DD100823825 /* PBXTargetDependency */,
			);
			name = "复杂表单Tests";
			productName = "复杂表单Tests";
			productReference = 847F42811F203DD100823825 /* 复杂表单Tests.xctest */;
			productType = "com.apple.product-type.bundle.unit-test";
		};
		847F428B1F203DD100823825 /* 复杂表单UITests */ = {
			isa = PBXNativeTarget;
			buildConfigurationList = 847F429B1F203DD100823825 /* Build configuration list for PBXNativeTarget "复杂表单UITests" */;
			buildPhases = (
				847F42881F203DD100823825 /* Sources */,
				847F42891F203DD100823825 /* Frameworks */,
				847F428A1F203DD100823825 /* Resources */,
			);
			buildRules = (
			);
			dependencies = (
				847F428E1F203DD100823825 /* PBXTargetDependency */,
			);
			name = "复杂表单UITests";
			productName = "复杂表单UITests";
			productReference = 847F428C1F203DD100823825 /* 复杂表单UITests.xctest */;
			productType = "com.apple.product-type.bundle.ui-testing";
		};
/* End PBXNativeTarget section */

/* Begin PBXProject section */
		847F42601F203DD100823825 /* Project object */ = {
			isa = PBXProject;
			attributes = {
				LastUpgradeCheck = 0800;
				ORGANIZATIONNAME = wsl;
				TargetAttributes = {
					847F42671F203DD100823825 = {
						CreatedOnToolsVersion = 8.0;
						ProvisioningStyle = Automatic;
					};
					847F42801F203DD100823825 = {
						CreatedOnToolsVersion = 8.0;
						ProvisioningStyle = Automatic;
						TestTargetID = 847F42671F203DD100823825;
					};
					847F428B1F203DD100823825 = {
						CreatedOnToolsVersion = 8.0;
						ProvisioningStyle = Automatic;
						TestTargetID = 847F42671F203DD100823825;
					};
				};
			};
			buildConfigurationList = 847F42631F203DD100823825 /* Build configuration list for PBXProject "复杂表单" */;
			compatibilityVersion = "Xcode 3.2";
			developmentRegion = English;
			hasScannedForEncodings = 0;
			knownRegions = (
				en,
				Base,
			);
			mainGroup = 847F425F1F203DD100823825;
			productRefGroup = 847F42691F203DD100823825 /* Products */;
			projectDirPath = "";
			projectRoot = "";
			targets = (
				847F42671F203DD100823825 /* 复杂表单 */,
				847F42801F203DD100823825 /* 复杂表单Tests */,
				847F428B1F203DD100823825 /* 复杂表单UITests */,
			);
		};
/* End PBXProject section */

/* Begin PBXResourcesBuildPhase section */
		847F42661F203DD100823825 /* Resources */ = {
			isa = PBXResourcesBuildPhase;
			buildActionMask = 2147483647;
			files = (
				847F42E11F204A3B00823825 /* LICENSE.txt in Resources */,
				847F429F1F203E5400823825 /* form.plist in Resources */,
				847F432C1F20835D00823825 /* ListCheckCell.xib in Resources */,
				847F427B1F203DD100823825 /* LaunchScreen.storyboard in Resources */,
				847F435E1F208FF900823825 /* LICENSE in Resources */,
				847F432F1F20835D00823825 /* ListTFCell.xib in Resources */,
				847F436A1F20905600823825 /* ListTwoPickCell.xib in Resources */,
				847F43071F205E0900823825 /* LICENSE in Resources */,
				847F436C1F2092E600823825 /* ListPickCell.xib in Resources */,
				847F42781F203DD100823825 /* Assets.xcassets in Resources */,
				847F42761F203DD100823825 /* Main.storyboard in Resources */,
				847F42BD1F2046AE00823825 /* LICENSE in Resources */,
			);
			runOnlyForDeploymentPostprocessing = 0;
		};
		847F427F1F203DD100823825 /* Resources */ = {
			isa = PBXResourcesBuildPhase;
			buildActionMask = 2147483647;
			files = (
			);
			runOnlyForDeploymentPostprocessing = 0;
		};
		847F428A1F203DD100823825 /* Resources */ = {
			isa = PBXResourcesBuildPhase;
			buildActionMask = 2147483647;
			files = (
			);
			runOnlyForDeploymentPostprocessing = 0;
		};
/* End PBXResourcesBuildPhase section */

/* Begin PBXSourcesBuildPhase section */
		847F42641F203DD100823825 /* Sources */ = {
			isa = PBXSourcesBuildPhase;
			buildActionMask = 2147483647;
			files = (
				847F42C21F2046AE00823825 /* MJPropertyType.m in Sources */,
				847F43631F208FF900823825 /* ActionSheetLocalePicker.m in Sources */,
				847F433D1F20874A00823825 /* RGAppointSectionView.m in Sources */,
				847F42E21F204A3B00823825 /* README.md in Sources */,
				847F43081F205E0900823825 /* MASCompositeConstraint.m in Sources */,
				847F430C1F205E0900823825 /* MASViewAttribute.m in Sources */,
				847F43421F20879900823825 /* ViewController.m in Sources */,
				847F43451F208ED300823825 /* ListTwoPickCell.m in Sources */,
				847F43121F205E0900823825 /* README.md in Sources */,
				847F42BE1F2046AE00823825 /* MJExtensionConst.m in Sources */,
				847F42C31F2046AE00823825 /* NSObject+MJClass.m in Sources */,
				847F43671F208FF900823825 /* SWActionSheet.m in Sources */,
				847F42E41F204A3B00823825 /* TPKeyboardAvoidingScrollView.m in Sources */,
				847F43111F205E0900823825 /* ViewController+MASAdditions.m in Sources */,
				847F430F1F205E0900823825 /* NSLayoutConstraint+MASDebugAdditions.m in Sources */,
				847F42C61F2046AE00823825 /* NSObject+MJProperty.m in Sources */,
				847F430B1F205E0900823825 /* MASLayoutConstraint.m in Sources */,
				847F43681F208FF900823825 /* README.md in Sources */,
				847F42C51F2046AE00823825 /* NSObject+MJKeyValue.m in Sources */,
				847F42C01F2046AE00823825 /* MJProperty.m in Sources */,
				847F42701F203DD100823825 /* AppDelegate.m in Sources */,
				847F42C41F2046AE00823825 /* NSObject+MJCoding.m in Sources */,
				847F42E61F204A3B00823825 /* UIScrollView+TPKeyboardAvoidingAdditions.m in Sources */,
				847F42BF1F2046AE00823825 /* MJFoundation.m in Sources */,
				847F42E31F204A3B00823825 /* TPKeyboardAvoidingCollectionView.m in Sources */,
				847F42C71F2046AE00823825 /* NSString+MJExtension.m in Sources */,
				847F43101F205E0900823825 /* View+MASAdditions.m in Sources */,
				847F426D1F203DD100823825 /* main.m in Sources */,
				847F43361F2084D900823825 /* FormModel.m in Sources */,
				847F432E1F20835D00823825 /* ListTFCell.m in Sources */,
				847F43611F208FF900823825 /* ActionSheetDatePicker.m in Sources */,
				847F43091F205E0900823825 /* MASConstraint.m in Sources */,
				847F432B1F20835D00823825 /* ListCheckCell.m in Sources */,
				847F430A1F205E0900823825 /* MASConstraintMaker.m in Sources */,
				847F433E1F20874A00823825 /* UIView+Extension.m in Sources */,
				847F435F1F208FF900823825 /* AbstractActionSheetPicker.m in Sources */,
				847F43641F208FF900823825 /* ActionSheetMultipleStringPicker.m in Sources */,
				847F42C81F2046AE00823825 /* README.md in Sources */,
				847F430D1F205E0900823825 /* MASViewConstraint.m in Sources */,
				847F430E1F205E0900823825 /* NSArray+MASAdditions.m in Sources */,
				847F43301F20835D00823825 /* ListTVCell.m in Sources */,
				847F43371F2084D900823825 /* ListModel.m in Sources */,
				847F43601F208FF900823825 /* ActionSheetCustomPicker.m in Sources */,
				847F43661F208FF900823825 /* DistancePickerView.m in Sources */,
				847F43621F208FF900823825 /* ActionSheetDistancePicker.m in Sources */,
				847F43651F208FF900823825 /* ActionSheetStringPicker.m in Sources */,
				847F432D1F20835D00823825 /* ListPickCell.m in Sources */,
				847F42C11F2046AE00823825 /* MJPropertyKey.m in Sources */,
				847F42E51F204A3B00823825 /* TPKeyboardAvoidingTableView.m in Sources */,
			);
			runOnlyForDeploymentPostprocessing = 0;
		};
		847F427D1F203DD100823825 /* Sources */ = {
			isa = PBXSourcesBuildPhase;
			buildActionMask = 2147483647;
			files = (
				847F42861F203DD100823825 /* ____Tests.m in Sources */,
			);
			runOnlyForDeploymentPostprocessing = 0;
		};
		847F42881F203DD100823825 /* Sources */ = {
			isa = PBXSourcesBuildPhase;
			buildActionMask = 2147483647;
			files = (
				847F42911F203DD100823825 /* ____UITests.m in Sources */,
			);
			runOnlyForDeploymentPostprocessing = 0;
		};
/* End PBXSourcesBuildPhase section */

/* Begin PBXTargetDependency section */
		847F42831F203DD100823825 /* PBXTargetDependency */ = {
			isa = PBXTargetDependency;
			target = 847F42671F203DD100823825 /* 复杂表单 */;
			targetProxy = 847F42821F203DD100823825 /* PBXContainerItemProxy */;
		};
		847F428E1F203DD100823825 /* PBXTargetDependency */ = {
			isa = PBXTargetDependency;
			target = 847F42671F203DD100823825 /* 复杂表单 */;
			targetProxy = 847F428D1F203DD100823825 /* PBXContainerItemProxy */;
		};
/* End PBXTargetDependency section */

/* Begin PBXVariantGroup section */
		847F42741F203DD100823825 /* Main.storyboard */ = {
			isa = PBXVariantGroup;
			children = (
				847F42751F203DD100823825 /* Base */,
			);
			name = Main.storyboard;
			sourceTree = "<group>";
		};
		847F42791F203DD100823825 /* LaunchScreen.storyboard */ = {
			isa = PBXVariantGroup;
			children = (
				847F427A1F203DD100823825 /* Base */,
			);
			name = LaunchScreen.storyboard;
			sourceTree = "<group>";
		};
/* End PBXVariantGroup section */

/* Begin XCBuildConfiguration section */
		847F42931F203DD100823825 /* Debug */ = {
			isa = XCBuildConfiguration;
			buildSettings = {
				ALWAYS_SEARCH_USER_PATHS = NO;
				CLANG_ANALYZER_NONNULL = YES;
				CLANG_CXX_LANGUAGE_STANDARD = "gnu++0x";
				CLANG_CXX_LIBRARY = "libc++";
				CLANG_ENABLE_MODULES = YES;
				CLANG_ENABLE_OBJC_ARC = YES;
				CLANG_WARN_BOOL_CONVERSION = YES;
				CLANG_WARN_CONSTANT_CONVERSION = YES;
				CLANG_WARN_DIRECT_OBJC_ISA_USAGE = YES_ERROR;
				CLANG_WARN_DOCUMENTATION_COMMENTS = YES;
				CLANG_WARN_EMPTY_BODY = YES;
				CLANG_WARN_ENUM_CONVERSION = YES;
				CLANG_WARN_INFINITE_RECURSION = YES;
				CLANG_WARN_INT_CONVERSION = YES;
				CLANG_WARN_OBJC_ROOT_CLASS = YES_ERROR;
				CLANG_WARN_SUSPICIOUS_MOVES = YES;
				CLANG_WARN_UNREACHABLE_CODE = YES;
				CLANG_WARN__DUPLICATE_METHOD_MATCH = YES;
				"CODE_SIGN_IDENTITY[sdk=iphoneos*]" = "iPhone Developer";
				COPY_PHASE_STRIP = NO;
				DEBUG_INFORMATION_FORMAT = dwarf;
				ENABLE_STRICT_OBJC_MSGSEND = YES;
				ENABLE_TESTABILITY = YES;
				GCC_C_LANGUAGE_STANDARD = gnu99;
				GCC_DYNAMIC_NO_PIC = NO;
				GCC_NO_COMMON_BLOCKS = YES;
				GCC_OPTIMIZATION_LEVEL = 0;
				GCC_PREPROCESSOR_DEFINITIONS = (
					"DEBUG=1",
					"$(inherited)",
				);
				GCC_WARN_64_TO_32_BIT_CONVERSION = YES;
				GCC_WARN_ABOUT_RETURN_TYPE = YES_ERROR;
				GCC_WARN_UNDECLARED_SELECTOR = YES;
				GCC_WARN_UNINITIALIZED_AUTOS = YES_AGGRESSIVE;
				GCC_WARN_UNUSED_FUNCTION = YES;
				GCC_WARN_UNUSED_VARIABLE = YES;
				IPHONEOS_DEPLOYMENT_TARGET = 10.0;
				MTL_ENABLE_DEBUG_INFO = YES;
				ONLY_ACTIVE_ARCH = YES;
				SDKROOT = iphoneos;
			};
			name = Debug;
		};
		847F42941F203DD100823825 /* Release */ = {
			isa = XCBuildConfiguration;
			buildSettings = {
				ALWAYS_SEARCH_USER_PATHS = NO;
				CLANG_ANALYZER_NONNULL = YES;
				CLANG_CXX_LANGUAGE_STANDARD = "gnu++0x";
				CLANG_CXX_LIBRARY = "libc++";
				CLANG_ENABLE_MODULES = YES;
				CLANG_ENABLE_OBJC_ARC = YES;
				CLANG_WARN_BOOL_CONVERSION = YES;
				CLANG_WARN_CONSTANT_CONVERSION = YES;
				CLANG_WARN_DIRECT_OBJC_ISA_USAGE = YES_ERROR;
				CLANG_WARN_DOCUMENTATION_COMMENTS = YES;
				CLANG_WARN_EMPTY_BODY = YES;
				CLANG_WARN_ENUM_CONVERSION = YES;
				CLANG_WARN_INFINITE_RECURSION = YES;
				CLANG_WARN_INT_CONVERSION = YES;
				CLANG_WARN_OBJC_ROOT_CLASS = YES_ERROR;
				CLANG_WARN_SUSPICIOUS_MOVES = YES;
				CLANG_WARN_UNREACHABLE_CODE = YES;
				CLANG_WARN__DUPLICATE_METHOD_MATCH = YES;
				"CODE_SIGN_IDENTITY[sdk=iphoneos*]" = "iPhone Developer";
				COPY_PHASE_STRIP = NO;
				DEBUG_INFORMATION_FORMAT = "dwarf-with-dsym";
				ENABLE_NS_ASSERTIONS = NO;
				ENABLE_STRICT_OBJC_MSGSEND = YES;
				GCC_C_LANGUAGE_STANDARD = gnu99;
				GCC_NO_COMMON_BLOCKS = YES;
				GCC_WARN_64_TO_32_BIT_CONVERSION = YES;
				GCC_WARN_ABOUT_RETURN_TYPE = YES_ERROR;
				GCC_WARN_UNDECLARED_SELECTOR = YES;
				GCC_WARN_UNINITIALIZED_AUTOS = YES_AGGRESSIVE;
				GCC_WARN_UNUSED_FUNCTION = YES;
				GCC_WARN_UNUSED_VARIABLE = YES;
				IPHONEOS_DEPLOYMENT_TARGET = 10.0;
				MTL_ENABLE_DEBUG_INFO = NO;
				SDKROOT = iphoneos;
				VALIDATE_PRODUCT = YES;
			};
			name = Release;
		};
		847F42961F203DD100823825 /* Debug */ = {
			isa = XCBuildConfiguration;
			buildSettings = {
				ASSETCATALOG_COMPILER_APPICON_NAME = AppIcon;
				GCC_PREFIX_HEADER = "$(SRCROOT)/复杂表单/PrefixHeader.pch";
				INFOPLIST_FILE = "复杂表单/Info.plist";
				LD_RUNPATH_SEARCH_PATHS = "$(inherited) @executable_path/Frameworks";
				PRODUCT_BUNDLE_IDENTIFIER = "com.rgpsy.----";
				PRODUCT_NAME = "$(TARGET_NAME)";
			};
			name = Debug;
		};
		847F42971F203DD100823825 /* Release */ = {
			isa = XCBuildConfiguration;
			buildSettings = {
				ASSETCATALOG_COMPILER_APPICON_NAME = AppIcon;
				GCC_PREFIX_HEADER = "$(SRCROOT)/复杂表单/PrefixHeader.pch";
				INFOPLIST_FILE = "复杂表单/Info.plist";
				LD_RUNPATH_SEARCH_PATHS = "$(inherited) @executable_path/Frameworks";
				PRODUCT_BUNDLE_IDENTIFIER = "com.rgpsy.----";
				PRODUCT_NAME = "$(TARGET_NAME)";
			};
			name = Release;
		};
		847F42991F203DD100823825 /* Debug */ = {
			isa = XCBuildConfiguration;
			buildSettings = {
				BUNDLE_LOADER = "$(TEST_HOST)";
				INFOPLIST_FILE = "复杂表单Tests/Info.plist";
				LD_RUNPATH_SEARCH_PATHS = "$(inherited) @executable_path/Frameworks @loader_path/Frameworks";
				PRODUCT_BUNDLE_IDENTIFIER = "com.rgpsy.----Tests";
				PRODUCT_NAME = "$(TARGET_NAME)";
				TEST_HOST = "$(BUILT_PRODUCTS_DIR)/复杂表单.app/复杂表单";
			};
			name = Debug;
		};
		847F429A1F203DD100823825 /* Release */ = {
			isa = XCBuildConfiguration;
			buildSettings = {
				BUNDLE_LOADER = "$(TEST_HOST)";
				INFOPLIST_FILE = "复杂表单Tests/Info.plist";
				LD_RUNPATH_SEARCH_PATHS = "$(inherited) @executable_path/Frameworks @loader_path/Frameworks";
				PRODUCT_BUNDLE_IDENTIFIER = "com.rgpsy.----Tests";
				PRODUCT_NAME = "$(TARGET_NAME)";
				TEST_HOST = "$(BUILT_PRODUCTS_DIR)/复杂表单.app/复杂表单";
			};
			name = Release;
		};
		847F429C1F203DD100823825 /* Debug */ = {
			isa = XCBuildConfiguration;
			buildSettings = {
				INFOPLIST_FILE = "复杂表单UITests/Info.plist";
				LD_RUNPATH_SEARCH_PATHS = "$(inherited) @executable_path/Frameworks @loader_path/Frameworks";
				PRODUCT_BUNDLE_IDENTIFIER = "com.rgpsy.----UITests";
				PRODUCT_NAME = "$(TARGET_NAME)";
				TEST_TARGET_NAME = "复杂表单";
			};
			name = Debug;
		};
		847F429D1F203DD100823825 /* Release */ = {
			isa = XCBuildConfiguration;
			buildSettings = {
				INFOPLIST_FILE = "复杂表单UITests/Info.plist";
				LD_RUNPATH_SEARCH_PATHS = "$(inherited) @executable_path/Frameworks @loader_path/Frameworks";
				PRODUCT_BUNDLE_IDENTIFIER = "com.rgpsy.----UITests";
				PRODUCT_NAME = "$(TARGET_NAME)";
				TEST_TARGET_NAME = "复杂表单";
			};
			name = Release;
		};
/* End XCBuildConfiguration section */

/* Begin XCConfigurationList section */
		847F42631F203DD100823825 /* Build configuration list for PBXProject "复杂表单" */ = {
			isa = XCConfigurationList;
			buildConfigurations = (
				847F42931F203DD100823825 /* Debug */,
				847F42941F203DD100823825 /* Release */,
			);
			defaultConfigurationIsVisible = 0;
			defaultConfigurationName = Release;
		};
		847F42951F203DD100823825 /* Build configuration list for PBXNativeTarget "复杂表单" */ = {
			isa = XCConfigurationList;
			buildConfigurations = (
				847F42961F203DD100823825 /* Debug */,
				847F42971F203DD100823825 /* Release */,
			);
			defaultConfigurationIsVisible = 0;
		};
		847F42981F203DD100823825 /* Build configuration list for PBXNativeTarget "复杂表单Tests" */ = {
			isa = XCConfigurationList;
			buildConfigurations = (
				847F42991F203DD100823825 /* Debug */,
				847F429A1F203DD100823825 /* Release */,
			);
			defaultConfigurationIsVisible = 0;
		};
		847F429B1F203DD100823825 /* Build configuration list for PBXNativeTarget "复杂表单UITests" */ = {
			isa = XCConfigurationList;
			buildConfigurations = (
				847F429C1F203DD100823825 /* Debug */,
				847F429D1F203DD100823825 /* Release */,
			);
			defaultConfigurationIsVisible = 0;
		};
/* End XCConfigurationList section */
	};
	rootObject = 847F42601F203DD100823825 /* Project object */;
}
